// !$*UTF8*$!
{
	archiveVersion = 1;
	classes = {
	};
	objectVersion = 77;
	objects = {

/* Begin PBXBuildFile section */
		00BB15D02E7322C20058B20A /* AvAppNetworking in Frameworks */ = {isa = PBXBuildFile; productRef = 00BB15CF2E7322C20058B20A /* AvAppNetworking */; };
/* End PBXBuildFile section */

/* Begin PBXContainerItemProxy section */
		001E445D2E3BBF8600ABD394 /* PBXContainerItemProxy */ = {
			isa = PBXContainerItemProxy;
			containerPortal = 001E44472E3BBF8400ABD394 /* Project object */;
			proxyType = 1;
			remoteGlobalIDString = 001E444E2E3BBF8400ABD394;
			remoteInfo = AvApp;
		};
		001E44672E3BBF8600ABD394 /* PBXContainerItemProxy */ = {
			isa = PBXContainerItemProxy;
			containerPortal = 001E44472E3BBF8400ABD394 /* Project object */;
			proxyType = 1;
			remoteGlobalIDString = 001E444E2E3BBF8400ABD394;
			remoteInfo = AvApp;
		};
/* End PBXContainerItemProxy section */

/* Begin PBXFileReference section */
		001E444F2E3BBF8400ABD394 /* AvApp.app */ = {isa = PBXFileReference; explicitFileType = wrapper.application; includeInIndex = 0; path = AvApp.app; sourceTree = BUILT_PRODUCTS_DIR; };
		001E445C2E3BBF8600ABD394 /* AvAppTests.xctest */ = {isa = PBXFileReference; explicitFileType = wrapper.cfbundle; includeInIndex = 0; path = AvAppTests.xctest; sourceTree = BUILT_PRODUCTS_DIR; };
		001E44662E3BBF8600ABD394 /* AvAppUITests.xctest */ = {isa = PBXFileReference; explicitFileType = wrapper.cfbundle; includeInIndex = 0; path = AvAppUITests.xctest; sourceTree = BUILT_PRODUCTS_DIR; };
		00BB15CD2E731D950058B20A /* Packages/AvAppNetworking */ = {isa = PBXFileReference; lastKnownFileType = wrapper; path = Packages/AvAppNetworking; sourceTree = "<group>"; };
		00BED33D2EEA34B300D6A532 /* Terminal Notifier.xcodeproj */ = {isa = PBXFileReference; lastKnownFileType = "wrapper.pb-project"; path = "Terminal Notifier.xcodeproj"; sourceTree = "<group>"; };
		00BEDB422EEA34B500D6A532 /* SampleApp.xcodeproj */ = {isa = PBXFileReference; lastKnownFileType = "wrapper.pb-project"; path = SampleApp.xcodeproj; sourceTree = "<group>"; };
/* End PBXFileReference section */

/* Begin PBXFileSystemSynchronizedRootGroup section */
		001E44512E3BBF8400ABD394 /* AvApp */ = {
			isa = PBXFileSystemSynchronizedRootGroup;
			path = AvApp;
			sourceTree = "<group>";
		};
		001E445F2E3BBF8600ABD394 /* AvAppTests */ = {
			isa = PBXFileSystemSynchronizedRootGroup;
			path = AvAppTests;
			sourceTree = "<group>";
		};
		001E44692E3BBF8600ABD394 /* AvAppUITests */ = {
			isa = PBXFileSystemSynchronizedRootGroup;
			path = AvAppUITests;
			sourceTree = "<group>";
		};
/* End PBXFileSystemSynchronizedRootGroup section */

/* Begin PBXFrameworksBuildPhase section */
		001E444C2E3BBF8400ABD394 /* Frameworks */ = {
			isa = PBXFrameworksBuildPhase;
			buildActionMask = 2147483647;
			files = (
				00BB15D02E7322C20058B20A /* AvAppNetworking in Frameworks */,
			);
			runOnlyForDeploymentPostprocessing = 0;
		};
		001E44592E3BBF8600ABD394 /* Frameworks */ = {
			isa = PBXFrameworksBuildPhase;
			buildActionMask = 2147483647;
			files = (
			);
			runOnlyForDeploymentPostprocessing = 0;
		};
		001E44632E3BBF8600ABD394 /* Frameworks */ = {
			isa = PBXFrameworksBuildPhase;
			buildActionMask = 2147483647;
			files = (
			);
			runOnlyForDeploymentPostprocessing = 0;
		};
/* End PBXFrameworksBuildPhase section */

/* Begin PBXGroup section */
		001E44462E3BBF8400ABD394 = {
			isa = PBXGroup;
			children = (
				00BB15CD2E731D950058B20A /* Packages/AvAppNetworking */,
				001E44512E3BBF8400ABD394 /* AvApp */,
				001E445F2E3BBF8600ABD394 /* AvAppTests */,
				001E44692E3BBF8600ABD394 /* AvAppUITests */,
				00BB15CE2E7322C20058B20A /* Frameworks */,
				001E44502E3BBF8400ABD394 /* Products */,
			);
			sourceTree = "<group>";
		};
		001E44502E3BBF8400ABD394 /* Products */ = {
			isa = PBXGroup;
			children = (
				001E444F2E3BBF8400ABD394 /* AvApp.app */,
				001E445C2E3BBF8600ABD394 /* AvAppTests.xctest */,
				001E44662E3BBF8600ABD394 /* AvAppUITests.xctest */,
			);
			name = Products;
			sourceTree = "<group>";
		};
		00BB15CE2E7322C20058B20A /* Frameworks */ = {
			isa = PBXGroup;
			children = (
			);
			name = Frameworks;
			sourceTree = "<group>";
		};
		00BED3432EEA34B300D6A532 /* Products */ = {
			isa = PBXGroup;
			children = (
			);
			name = Products;
			sourceTree = "<group>";
		};
		00BEDB4D2EEA34B500D6A532 /* Products */ = {
			isa = PBXGroup;
			children = (
			);
			name = Products;
			sourceTree = "<group>";
		};
/* End PBXGroup section */

/* Begin PBXNativeTarget section */
		001E444E2E3BBF8400ABD394 /* AvApp */ = {
			isa = PBXNativeTarget;
			buildConfigurationList = 001E44702E3BBF8600ABD394 /* Build configuration list for PBXNativeTarget "AvApp" */;
			buildPhases = (
				001E444B2E3BBF8400ABD394 /* Sources */,
				001E444C2E3BBF8400ABD394 /* Frameworks */,
				001E444D2E3BBF8400ABD394 /* Resources */,
			);
			buildRules = (
			);
			dependencies = (
			);
			fileSystemSynchronizedGroups = (
				001E44512E3BBF8400ABD394 /* AvApp */,
			);
			name = AvApp;
			packageProductDependencies = (
				00BB15CF2E7322C20058B20A /* AvAppNetworking */,
			);
			productName = AvApp;
			productReference = 001E444F2E3BBF8400ABD394 /* AvApp.app */;
			productType = "com.apple.product-type.application";
		};
		001E445B2E3BBF8600ABD394 /* AvAppTests */ = {
			isa = PBXNativeTarget;
			buildConfigurationList = 001E44732E3BBF8600ABD394 /* Build configuration list for PBXNativeTarget "AvAppTests" */;
			buildPhases = (
				001E44582E3BBF8600ABD394 /* Sources */,
				001E44592E3BBF8600ABD394 /* Frameworks */,
				001E445A2E3BBF8600ABD394 /* Resources */,
			);
			buildRules = (
			);
			dependencies = (
				001E445E2E3BBF8600ABD394 /* PBXTargetDependency */,
			);
			fileSystemSynchronizedGroups = (
				001E445F2E3BBF8600ABD394 /* AvAppTests */,
			);
			name = AvAppTests;
			packageProductDependencies = (
			);
			productName = AvAppTests;
			productReference = 001E445C2E3BBF8600ABD394 /* AvAppTests.xctest */;
			productType = "com.apple.product-type.bundle.unit-test";
		};
		001E44652E3BBF8600ABD394 /* AvAppUITests */ = {
			isa = PBXNativeTarget;
			buildConfigurationList = 001E44762E3BBF8600ABD394 /* Build configuration list for PBXNativeTarget "AvAppUITests" */;
			buildPhases = (
				001E44622E3BBF8600ABD394 /* Sources */,
				001E44632E3BBF8600ABD394 /* Frameworks */,
				001E44642E3BBF8600ABD394 /* Resources */,
			);
			buildRules = (
			);
			dependencies = (
				001E44682E3BBF8600ABD394 /* PBXTargetDependency */,
			);
			fileSystemSynchronizedGroups = (
				001E44692E3BBF8600ABD394 /* AvAppUITests */,
			);
			name = AvAppUITests;
			packageProductDependencies = (
			);
			productName = AvAppUITests;
			productReference = 001E44662E3BBF8600ABD394 /* AvAppUITests.xctest */;
			productType = "com.apple.product-type.bundle.ui-testing";
		};
/* End PBXNativeTarget section */

/* Begin PBXProject section */
		001E44472E3BBF8400ABD394 /* Project object */ = {
			isa = PBXProject;
			attributes = {
				BuildIndependentTargetsInParallel = 1;
				LastSwiftUpdateCheck = 1630;
				LastUpgradeCheck = 1630;
				TargetAttributes = {
					001E444E2E3BBF8400ABD394 = {
						CreatedOnToolsVersion = 16.3;
					};
					001E445B2E3BBF8600ABD394 = {
						CreatedOnToolsVersion = 16.3;
						TestTargetID = 001E444E2E3BBF8400ABD394;
					};
					001E44652E3BBF8600ABD394 = {
						CreatedOnToolsVersion = 16.3;
						TestTargetID = 001E444E2E3BBF8400ABD394;
					};
				};
			};
			buildConfigurationList = 001E444A2E3BBF8400ABD394 /* Build configuration list for PBXProject "AvApp" */;
			developmentRegion = en;
			hasScannedForEncodings = 0;
			knownRegions = (
				en,
				Base,
			);
			mainGroup = 001E44462E3BBF8400ABD394;
			minimizedProjectReferenceProxies = 1;
			packageReferences = (
			);
			preferredProjectObjectVersion = 77;
			productRefGroup = 001E44502E3BBF8400ABD394 /* Products */;
			projectDirPath = "";
			projectReferences = (
				{
					ProductGroup = 00BEDB4D2EEA34B500D6A532 /* Products */;
					ProjectRef = 00BEDB422EEA34B500D6A532 /* SampleApp.xcodeproj */;
				},
				{
					ProductGroup = 00BED3432EEA34B300D6A532 /* Products */;
					ProjectRef = 00BED33D2EEA34B300D6A532 /* Terminal Notifier.xcodeproj */;
				},
			);
			projectRoot = "";
			targets = (
				001E444E2E3BBF8400ABD394 /* AvApp */,
				001E445B2E3BBF8600ABD394 /* AvAppTests */,
				001E44652E3BBF8600ABD394 /* AvAppUITests */,
			);
		};
/* End PBXProject section */

/* Begin PBXResourcesBuildPhase section */
		001E444D2E3BBF8400ABD394 /* Resources */ = {
			isa = PBXResourcesBuildPhase;
			buildActionMask = 2147483647;
			files = (
			);
			runOnlyForDeploymentPostprocessing = 0;
		};
		001E445A2E3BBF8600ABD394 /* Resources */ = {
			isa = PBXResourcesBuildPhase;
			buildActionMask = 2147483647;
			files = (
			);
			runOnlyForDeploymentPostprocessing = 0;
		};
		001E44642E3BBF8600ABD394 /* Resources */ = {
			isa = PBXResourcesBuildPhase;
			buildActionMask = 2147483647;
			files = (
			);
			runOnlyForDeploymentPostprocessing = 0;
		};
/* End PBXResourcesBuildPhase section */

/* Begin PBXSourcesBuildPhase section */
		001E444B2E3BBF8400ABD394 /* Sources */ = {
			isa = PBXSourcesBuildPhase;
			buildActionMask = 2147483647;
			files = (
			);
			runOnlyForDeploymentPostprocessing = 0;
		};
		001E44582E3BBF8600ABD394 /* Sources */ = {
			isa = PBXSourcesBuildPhase;
			buildActionMask = 2147483647;
			files = (
			);
			runOnlyForDeploymentPostprocessing = 0;
		};
		001E44622E3BBF8600ABD394 /* Sources */ = {
			isa = PBXSourcesBuildPhase;
			buildActionMask = 2147483647;
			files = (
			);
			runOnlyForDeploymentPostprocessing = 0;
		};
/* End PBXSourcesBuildPhase section */

/* Begin PBXTargetDependency section */
		001E445E2E3BBF8600ABD394 /* PBXTargetDependency */ = {
			isa = PBXTargetDependency;
			target = 001E444E2E3BBF8400ABD394 /* AvApp */;
			targetProxy = 001E445D2E3BBF8600ABD394 /* PBXContainerItemProxy */;
		};
		001E44682E3BBF8600ABD394 /* PBXTargetDependency */ = {
			isa = PBXTargetDependency;
			target = 001E444E2E3BBF8400ABD394 /* AvApp */;
			targetProxy = 001E44672E3BBF8600ABD394 /* PBXContainerItemProxy */;
		};
/* End PBXTargetDependency section */

/* Begin XCBuildConfiguration section */
		001E446E2E3BBF8600ABD394 /* Debug */ = {
			isa = XCBuildConfiguration;
			buildSettings = {
				ALWAYS_SEARCH_USER_PATHS = NO;
				ASSETCATALOG_COMPILER_GENERATE_SWIFT_ASSET_SYMBOL_EXTENSIONS = YES;
				CLANG_ANALYZER_NONNULL = YES;
				CLANG_ANALYZER_NUMBER_OBJECT_CONVERSION = YES_AGGRESSIVE;
				CLANG_CXX_LANGUAGE_STANDARD = "gnu++20";
				CLANG_ENABLE_MODULES = YES;
				CLANG_ENABLE_OBJC_ARC = YES;
				CLANG_ENABLE_OBJC_WEAK = YES;
				CLANG_WARN_BLOCK_CAPTURE_AUTORELEASING = YES;
				CLANG_WARN_BOOL_CONVERSION = YES;
				CLANG_WARN_COMMA = YES;
				CLANG_WARN_CONSTANT_CONVERSION = YES;
				CLANG_WARN_DEPRECATED_OBJC_IMPLEMENTATIONS = YES;
				CLANG_WARN_DIRECT_OBJC_ISA_USAGE = YES_ERROR;
				CLANG_WARN_DOCUMENTATION_COMMENTS = YES;
				CLANG_WARN_EMPTY_BODY = YES;
				CLANG_WARN_ENUM_CONVERSION = YES;
				CLANG_WARN_INFINITE_RECURSION = YES;
				CLANG_WARN_INT_CONVERSION = YES;
				CLANG_WARN_NON_LITERAL_NULL_CONVERSION = YES;
				CLANG_WARN_OBJC_IMPLICIT_RETAIN_SELF = YES;
				CLANG_WARN_OBJC_LITERAL_CONVERSION = YES;
				CLANG_WARN_OBJC_ROOT_CLASS = YES_ERROR;
				CLANG_WARN_QUOTED_INCLUDE_IN_FRAMEWORK_HEADER = YES;
				CLANG_WARN_RANGE_LOOP_ANALYSIS = YES;
				CLANG_WARN_STRICT_PROTOTYPES = YES;
				CLANG_WARN_SUSPICIOUS_MOVE = YES;
				CLANG_WARN_UNGUARDED_AVAILABILITY = YES_AGGRESSIVE;
				CLANG_WARN_UNREACHABLE_CODE = YES;
				CLANG_WARN__DUPLICATE_METHOD_MATCH = YES;
				COPY_PHASE_STRIP = NO;
				DEBUG_INFORMATION_FORMAT = dwarf;
				ENABLE_STRICT_OBJC_MSGSEND = YES;
				ENABLE_TESTABILITY = YES;
				ENABLE_USER_SCRIPT_SANDBOXING = YES;
				GCC_C_LANGUAGE_STANDARD = gnu17;
				GCC_DYNAMIC_NO_PIC = NO;
				GCC_NO_COMMON_BLOCKS = YES;
				GCC_OPTIMIZATION_LEVEL = 0;
				GCC_PREPROCESSOR_DEFINITIONS = (
					"DEBUG=1",
					"$(inherited)",
				);
				GCC_WARN_64_TO_32_BIT_CONVERSION = YES;
				GCC_WARN_ABOUT_RETURN_TYPE = YES_ERROR;
				GCC_WARN_UNDECLARED_SELECTOR = YES;
				GCC_WARN_UNINITIALIZED_AUTOS = YES_AGGRESSIVE;
				GCC_WARN_UNUSED_FUNCTION = YES;
				GCC_WARN_UNUSED_VARIABLE = YES;
				IPHONEOS_DEPLOYMENT_TARGET = 18.4;
				LOCALIZATION_PREFERS_STRING_CATALOGS = YES;
				MTL_ENABLE_DEBUG_INFO = INCLUDE_SOURCE;
				MTL_FAST_MATH = YES;
				ONLY_ACTIVE_ARCH = YES;
				SDKROOT = iphoneos;
				SWIFT_ACTIVE_COMPILATION_CONDITIONS = "DEBUG $(inherited)";
				SWIFT_OPTIMIZATION_LEVEL = "-Onone";
			};
			name = Debug;
		};
		001E446F2E3BBF8600ABD394 /* Release */ = {
			isa = XCBuildConfiguration;
			buildSettings = {
				ALWAYS_SEARCH_USER_PATHS = NO;
				ASSETCATALOG_COMPILER_GENERATE_SWIFT_ASSET_SYMBOL_EXTENSIONS = YES;
				CLANG_ANALYZER_NONNULL = YES;
				CLANG_ANALYZER_NUMBER_OBJECT_CONVERSION = YES_AGGRESSIVE;
				CLANG_CXX_LANGUAGE_STANDARD = "gnu++20";
				CLANG_ENABLE_MODULES = YES;
				CLANG_ENABLE_OBJC_ARC = YES;
				CLANG_ENABLE_OBJC_WEAK = YES;
				CLANG_WARN_BLOCK_CAPTURE_AUTORELEASING = YES;
				CLANG_WARN_BOOL_CONVERSION = YES;
				CLANG_WARN_COMMA = YES;
				CLANG_WARN_CONSTANT_CONVERSION = YES;
				CLANG_WARN_DEPRECATED_OBJC_IMPLEMENTATIONS = YES;
				CLANG_WARN_DIRECT_OBJC_ISA_USAGE = YES_ERROR;
				CLANG_WARN_DOCUMENTATION_COMMENTS = YES;
				CLANG_WARN_EMPTY_BODY = YES;
				CLANG_WARN_ENUM_CONVERSION = YES;
				CLANG_WARN_INFINITE_RECURSION = YES;
				CLANG_WARN_INT_CONVERSION = YES;
				CLANG_WARN_NON_LITERAL_NULL_CONVERSION = YES;
				CLANG_WARN_OBJC_IMPLICIT_RETAIN_SELF = YES;
				CLANG_WARN_OBJC_LITERAL_CONVERSION = YES;
				CLANG_WARN_OBJC_ROOT_CLASS = YES_ERROR;
				CLANG_WARN_QUOTED_INCLUDE_IN_FRAMEWORK_HEADER = YES;
				CLANG_WARN_RANGE_LOOP_ANALYSIS = YES;
				CLANG_WARN_STRICT_PROTOTYPES = YES;
				CLANG_WARN_SUSPICIOUS_MOVE = YES;
				CLANG_WARN_UNGUARDED_AVAILABILITY = YES_AGGRESSIVE;
				CLANG_WARN_UNREACHABLE_CODE = YES;
				CLANG_WARN__DUPLICATE_METHOD_MATCH = YES;
				COPY_PHASE_STRIP = NO;
				DEBUG_INFORMATION_FORMAT = "dwarf-with-dsym";
				ENABLE_NS_ASSERTIONS = NO;
				ENABLE_STRICT_OBJC_MSGSEND = YES;
				ENABLE_USER_SCRIPT_SANDBOXING = YES;
				GCC_C_LANGUAGE_STANDARD = gnu17;
				GCC_NO_COMMON_BLOCKS = YES;
				GCC_WARN_64_TO_32_BIT_CONVERSION = YES;
				GCC_WARN_ABOUT_RETURN_TYPE = YES_ERROR;
				GCC_WARN_UNDECLARED_SELECTOR = YES;
				GCC_WARN_UNINITIALIZED_AUTOS = YES_AGGRESSIVE;
				GCC_WARN_UNUSED_FUNCTION = YES;
				GCC_WARN_UNUSED_VARIABLE = YES;
				IPHONEOS_DEPLOYMENT_TARGET = 18.4;
				LOCALIZATION_PREFERS_STRING_CATALOGS = YES;
				MTL_ENABLE_DEBUG_INFO = NO;
				MTL_FAST_MATH = YES;
				SDKROOT = iphoneos;
				SWIFT_COMPILATION_MODE = wholemodule;
				VALIDATE_PRODUCT = YES;
			};
			name = Release;
		};
		001E44712E3BBF8600ABD394 /* Debug */ = {
			isa = XCBuildConfiguration;
			buildSettings = {
				ASSETCATALOG_COMPILER_APPICON_NAME = AppIcon;
				ASSETCATALOG_COMPILER_GLOBAL_ACCENT_COLOR_NAME = AccentColor;
				CODE_SIGN_IDENTITY = "Apple Development";
				CODE_SIGN_STYLE = Automatic;
				CURRENT_PROJECT_VERSION = 1;
				DEVELOPMENT_TEAM = RTCBD3D2GX;
				ENABLE_PREVIEWS = YES;
				GENERATE_INFOPLIST_FILE = YES;
				INFOPLIST_KEY_UIApplicationSceneManifest_Generation = YES;
				INFOPLIST_KEY_UIApplicationSupportsIndirectInputEvents = YES;
				INFOPLIST_KEY_UILaunchScreen_Generation = YES;
				INFOPLIST_KEY_UISupportedInterfaceOrientations_iPad = "UIInterfaceOrientationPortrait UIInterfaceOrientationPortraitUpsideDown UIInterfaceOrientationLandscapeLeft UIInterfaceOrientationLandscapeRight";
				INFOPLIST_KEY_UISupportedInterfaceOrientations_iPhone = "UIInterfaceOrientationPortrait UIInterfaceOrientationLandscapeLeft UIInterfaceOrientationLandscapeRight";
				LD_RUNPATH_SEARCH_PATHS = (
					"$(inherited)",
					"@executable_path/Frameworks",
				);
				MARKETING_VERSION = 1.0;
				PRODUCT_BUNDLE_IDENTIFIER = com.Tracker.AvApp;
				PRODUCT_NAME = "$(TARGET_NAME)";
				PROVISIONING_PROFILE_SPECIFIER = "";
				SWIFT_EMIT_LOC_STRINGS = YES;
				SWIFT_VERSION = 5.0;
				TARGETED_DEVICE_FAMILY = "1,2";
			};
			name = Debug;
		};
		001E44722E3BBF8600ABD394 /* Release */ = {
			isa = XCBuildConfiguration;
			buildSettings = {
				ASSETCATALOG_COMPILER_APPICON_NAME = AppIcon;
				ASSETCATALOG_COMPILER_GLOBAL_ACCENT_COLOR_NAME = AccentColor;
				CODE_SIGN_IDENTITY = "Apple Development";
				CODE_SIGN_STYLE = Automatic;
				CURRENT_PROJECT_VERSION = 1;
				DEVELOPMENT_TEAM = RTCBD3D2GX;
				ENABLE_PREVIEWS = YES;
				GENERATE_INFOPLIST_FILE = YES;
				INFOPLIST_KEY_UIApplicationSceneManifest_Generation = YES;
				INFOPLIST_KEY_UIApplicationSupportsIndirectInputEvents = YES;
				INFOPLIST_KEY_UILaunchScreen_Generation = YES;
				INFOPLIST_KEY_UISupportedInterfaceOrientations_iPad = "UIInterfaceOrientationPortrait UIInterfaceOrientationPortraitUpsideDown UIInterfaceOrientationLandscapeLeft UIInterfaceOrientationLandscapeRight";
				INFOPLIST_KEY_UISupportedInterfaceOrientations_iPhone = "UIInterfaceOrientationPortrait UIInterfaceOrientationLandscapeLeft UIInterfaceOrientationLandscapeRight";
				LD_RUNPATH_SEARCH_PATHS = (
					"$(inherited)",
					"@executable_path/Frameworks",
				);
				MARKETING_VERSION = 1.0;
				PRODUCT_BUNDLE_IDENTIFIER = com.Tracker.AvApp;
				PRODUCT_NAME = "$(TARGET_NAME)";
				PROVISIONING_PROFILE_SPECIFIER = "";
				SWIFT_EMIT_LOC_STRINGS = YES;
				SWIFT_VERSION = 5.0;
				TARGETED_DEVICE_FAMILY = "1,2";
			};
			name = Release;
		};
		001E44742E3BBF8600ABD394 /* Debug */ = {
			isa = XCBuildConfiguration;
			buildSettings = {
				BUNDLE_LOADER = "$(TEST_HOST)";
				CODE_SIGN_STYLE = Automatic;
				CURRENT_PROJECT_VERSION = 1;
				GENERATE_INFOPLIST_FILE = YES;
				IPHONEOS_DEPLOYMENT_TARGET = 18.4;
				MARKETING_VERSION = 1.0;
				PRODUCT_BUNDLE_IDENTIFIER = com.Tracker.AvAppTests;
				PRODUCT_NAME = "$(TARGET_NAME)";
				SWIFT_EMIT_LOC_STRINGS = NO;
				SWIFT_VERSION = 5.0;
				TARGETED_DEVICE_FAMILY = "1,2";
				TEST_HOST = "$(BUILT_PRODUCTS_DIR)/AvApp.app/$(BUNDLE_EXECUTABLE_FOLDER_PATH)/AvApp";
			};
			name = Debug;
		};
		001E44752E3BBF8600ABD394 /* Release */ = {
			isa = XCBuildConfiguration;
			buildSettings = {
				BUNDLE_LOADER = "$(TEST_HOST)";
				CODE_SIGN_STYLE = Automatic;
				CURRENT_PROJECT_VERSION = 1;
				GENERATE_INFOPLIST_FILE = YES;
				IPHONEOS_DEPLOYMENT_TARGET = 18.4;
				MARKETING_VERSION = 1.0;
				PRODUCT_BUNDLE_IDENTIFIER = com.Tracker.AvAppTests;
				PRODUCT_NAME = "$(TARGET_NAME)";
				SWIFT_EMIT_LOC_STRINGS = NO;
				SWIFT_VERSION = 5.0;
				TARGETED_DEVICE_FAMILY = "1,2";
				TEST_HOST = "$(BUILT_PRODUCTS_DIR)/AvApp.app/$(BUNDLE_EXECUTABLE_FOLDER_PATH)/AvApp";
			};
			name = Release;
		};
		001E44772E3BBF8600ABD394 /* Debug */ = {
			isa = XCBuildConfiguration;
			buildSettings = {
				CODE_SIGN_STYLE = Automatic;
				CURRENT_PROJECT_VERSION = 1;
				GENERATE_INFOPLIST_FILE = YES;
				MARKETING_VERSION = 1.0;
				PRODUCT_BUNDLE_IDENTIFIER = com.Tracker.AvAppUITests;
				PRODUCT_NAME = "$(TARGET_NAME)";
				SWIFT_EMIT_LOC_STRINGS = NO;
				SWIFT_VERSION = 5.0;
				TARGETED_DEVICE_FAMILY = "1,2";
				TEST_TARGET_NAME = AvApp;
			};
			name = Debug;
		};
		001E44782E3BBF8600ABD394 /* Release */ = {
			isa = XCBuildConfiguration;
			buildSettings = {
				CODE_SIGN_STYLE = Automatic;
				CURRENT_PROJECT_VERSION = 1;
				GENERATE_INFOPLIST_FILE = YES;
				MARKETING_VERSION = 1.0;
				PRODUCT_BUNDLE_IDENTIFIER = com.Tracker.AvAppUITests;
				PRODUCT_NAME = "$(TARGET_NAME)";
				SWIFT_EMIT_LOC_STRINGS = NO;
				SWIFT_VERSION = 5.0;
				TARGETED_DEVICE_FAMILY = "1,2";
				TEST_TARGET_NAME = AvApp;
			};
			name = Release;
		};
/* End XCBuildConfiguration section */

/* Begin XCConfigurationList section */
		001E444A2E3BBF8400ABD394 /* Build configuration list for PBXProject "AvApp" */ = {
			isa = XCConfigurationList;
			buildConfigurations = (
				001E446E2E3BBF8600ABD394 /* Debug */,
				001E446F2E3BBF8600ABD394 /* Release */,
			);
			defaultConfigurationIsVisible = 0;
			defaultConfigurationName = Release;
		};
		001E44702E3BBF8600ABD394 /* Build configuration list for PBXNativeTarget "AvApp" */ = {
			isa = XCConfigurationList;
			buildConfigurations = (
				001E44712E3BBF8600ABD394 /* Debug */,
				001E44722E3BBF8600ABD394 /* Release */,
			);
			defaultConfigurationIsVisible = 0;
			defaultConfigurationName = Release;
		};
		001E44732E3BBF8600ABD394 /* Build configuration list for PBXNativeTarget "AvAppTests" */ = {
			isa = XCConfigurationList;
			buildConfigurations = (
				001E44742E3BBF8600ABD394 /* Debug */,
				001E44752E3BBF8600ABD394 /* Release */,
			);
			defaultConfigurationIsVisible = 0;
			defaultConfigurationName = Release;
		};
		001E44762E3BBF8600ABD394 /* Build configuration list for PBXNativeTarget "AvAppUITests" */ = {
			isa = XCConfigurationList;
			buildConfigurations = (
				001E44772E3BBF8600ABD394 /* Debug */,
				001E44782E3BBF8600ABD394 /* Release */,
			);
			defaultConfigurationIsVisible = 0;
			defaultConfigurationName = Release;
		};
/* End XCConfigurationList section */

/* Begin XCSwiftPackageProductDependency section */
		00BB15CF2E7322C20058B20A /* AvAppNetworking */ = {
			isa = XCSwiftPackageProductDependency;
			productName = AvAppNetworking;
		};
/* End XCSwiftPackageProductDependency section */
	};
	rootObject = 001E44472E3BBF8400ABD394 /* Project object */;
}
